
Microsoft Visual Studio Solution File, Format Version 12.00
# Visual Studio Version 16
VisualStudioVersion = 16.0.29102.190
MinimumVisualStudioVersion = 10.0.40219.1
Project("{FAE04EC0-301F-11D3-BF4B-00C04F79EFBC}") = "Training.HighViscosityFood", "Training.HighViscosityFood.csproj", "{500D67C1-00C7-449E-92DF-CAD0E5BA5C2A}"
EndProject
Global
	GlobalSection(SolutionConfigurationPlatforms) = preSolution
		Debug|Any CPU = Debug|Any CPU
		Release|Any CPU = Release|Any CPU
	EndGlobalSection
	GlobalSection(ProjectConfigurationPlatforms) = postSolution
		{500D67C1-00C7-449E-92DF-CAD0E5BA5C2A}.Debug|Any CPU.ActiveCfg = Debug|Any CPU
		{500D67C1-00C7-449E-92DF-CAD0E5BA5C2A}.Debug|Any CPU.Build.0 = Debug|Any CPU
		{500D67C1-00C7-449E-92DF-CAD0E5BA5C2A}.Release|Any CPU.ActiveCfg = Release|Any CPU
		{500D67C1-00C7-449E-92DF-CAD0E5BA5C2A}.Release|Any CPU.Build.0 = Release|Any CPU
	EndGlobalSection
	GlobalSection(SolutionProperties) = preSolution
		HideSolutionNode = FALSE
	EndGlobalSection
	GlobalSection(ExtensibilityGlobals) = postSolution
		SolutionGuid = {967DD217-DD25-420A-824A-2B1F5EB73F3B}
	EndGlobalSection
EndGlobal
